[[package]]
name = "bitflags"
version = "0.7.0"
source = "registry+https://github.com/rust-lang/crates.io-index"

[[package]]
name = "card_flags"
version = "0.1.0"
dependencies = [
 "inner_common 0.1.0",
]

[[package]]
name = "card_movement_graph"
version = "0.1.0"
dependencies = [
 "common 0.1.0",
 "game_state 0.1.0",
]

[[package]]
name = "common"
version = "0.1.0"
dependencies = [
 "card_flags 0.1.0",
 "features 0.1.0",
 "inner_common 0.1.0",
 "platform_types 0.1.0",
]

[[package]]
name = "features"
version = "0.1.0"
dependencies = [
 "platform_types 0.1.0",
]

[[package]]
name = "game_state"
version = "0.1.0"
dependencies = [
 "common 0.1.0",
 "lazy_static 1.4.0 (registry+https://github.com/rust-lang/crates.io-index)",
 "platform_types 0.1.0",
]

[[package]]
name = "inner_common"
version = "0.1.0"
dependencies = [
 "features 0.1.0",
]

[[package]]
name = "lazy_static"
version = "1.4.0"
source = "registry+https://github.com/rust-lang/crates.io-index"

[[package]]
name = "platform_types"
version = "0.1.0"
dependencies = [
 "bitflags 0.7.0 (registry+https://github.com/rust-lang/crates.io-index)",
]

[metadata]
"checksum bitflags 0.7.0 (registry+https://github.com/rust-lang/crates.io-index)" = "aad18937a628ec6abcd26d1489012cc0e18c21798210f491af69ded9b881106d"
"checksum lazy_static 1.4.0 (registry+https://github.com/rust-lang/crates.io-index)" = "e2abad23fbc42b3700f2f279844dc832adb2b2eb069b2df918f455c4e18cc646"
